// !$*UTF8*$!
{
	archiveVersion = 1;
	classes = {
	};
	objectVersion = 46;
	objects = {

/* Begin PBXBuildFile section */
		3D676C131F59F57D009575F6 /* AVPlayerView.swift in Sources */ = {isa = PBXBuildFile; fileRef = 3D676C121F59F57D009575F6 /* AVPlayerView.swift */; };
		3D676C1B1F59FCA1009575F6 /* testVideo.mp4 in Resources */ = {isa = PBXBuildFile; fileRef = 3D676C1A1F59FCA1009575F6 /* testVideo.mp4 */; };
		3D676C1D1F59FED8009575F6 /* MMDView.swift in Sources */ = {isa = PBXBuildFile; fileRef = 3D676C1C1F59FED8009575F6 /* MMDView.swift */; };
		3D676C351F59FF5D009575F6 /* CommonTypes.swift in Sources */ = {isa = PBXBuildFile; fileRef = 3D676C1F1F59FF5D009575F6 /* CommonTypes.swift */; };
		3D676C361F59FF5D009575F6 /* MMDCameraNode.swift in Sources */ = {isa = PBXBuildFile; fileRef = 3D676C201F59FF5D009575F6 /* MMDCameraNode.swift */; };
		3D676C371F59FF5D009575F6 /* MMDIKConstraint.swift in Sources */ = {isa = PBXBuildFile; fileRef = 3D676C211F59FF5D009575F6 /* MMDIKConstraint.swift */; };
		3D676C381F59FF5D009575F6 /* MMDIKController.swift in Sources */ = {isa = PBXBuildFile; fileRef = 3D676C221F59FF5D009575F6 /* MMDIKController.swift */; };
		3D676C391F59FF5D009575F6 /* MMDNode.swift in Sources */ = {isa = PBXBuildFile; fileRef = 3D676C231F59FF5D009575F6 /* MMDNode.swift */; };
		3D676C3A1F59FF5D009575F6 /* MMDPMDReader.swift in Sources */ = {isa = PBXBuildFile; fileRef = 3D676C241F59FF5D009575F6 /* MMDPMDReader.swift */; };
		3D676C3B1F59FF5D009575F6 /* MMDPMMReader.swift in Sources */ = {isa = PBXBuildFile; fileRef = 3D676C251F59FF5D009575F6 /* MMDPMMReader.swift */; };
		3D676C3C1F59FF5D009575F6 /* MMDPMXReader.swift in Sources */ = {isa = PBXBuildFile; fileRef = 3D676C261F59FF5D009575F6 /* MMDPMXReader.swift */; };
		3D676C3D1F59FF5D009575F6 /* MMDPostShader.metal in Sources */ = {isa = PBXBuildFile; fileRef = 3D676C271F59FF5D009575F6 /* MMDPostShader.metal */; };
		3D676C3E1F59FF5D009575F6 /* MMDPostShader.plist in Resources */ = {isa = PBXBuildFile; fileRef = 3D676C281F59FF5D009575F6 /* MMDPostShader.plist */; };
		3D676C3F1F59FF5D009575F6 /* MMDProgram.swift in Sources */ = {isa = PBXBuildFile; fileRef = 3D676C291F59FF5D009575F6 /* MMDProgram.swift */; };
		3D676C401F59FF5D009575F6 /* MMDReader.swift in Sources */ = {isa = PBXBuildFile; fileRef = 3D676C2A1F59FF5D009575F6 /* MMDReader.swift */; };
		3D676C411F59FF5D009575F6 /* MMDSceneSource.swift in Sources */ = {isa = PBXBuildFile; fileRef = 3D676C2B1F59FF5D009575F6 /* MMDSceneSource.swift */; };
		3D676C421F59FF5D009575F6 /* MMDShader.metal in Sources */ = {isa = PBXBuildFile; fileRef = 3D676C2C1F59FF5D009575F6 /* MMDShader.metal */; };
		3D676C431F59FF5D009575F6 /* MMDShader.plist in Resources */ = {isa = PBXBuildFile; fileRef = 3D676C2D1F59FF5D009575F6 /* MMDShader.plist */; };
		3D676C441F59FF5D009575F6 /* MMDShader.swift in Sources */ = {isa = PBXBuildFile; fileRef = 3D676C2E1F59FF5D009575F6 /* MMDShader.swift */; };
		3D676C451F59FF5D009575F6 /* MMDShaderModifier.metal in Sources */ = {isa = PBXBuildFile; fileRef = 3D676C2F1F59FF5D009575F6 /* MMDShaderModifier.metal */; };
		3D676C461F59FF5D009575F6 /* MMDVACReader.swift in Sources */ = {isa = PBXBuildFile; fileRef = 3D676C301F59FF5D009575F6 /* MMDVACReader.swift */; };
		3D676C471F59FF5D009575F6 /* MMDVMDReader.swift in Sources */ = {isa = PBXBuildFile; fileRef = 3D676C311F59FF5D009575F6 /* MMDVMDReader.swift */; };
		3D676C481F59FF5D009575F6 /* MMDVPDReader.swift in Sources */ = {isa = PBXBuildFile; fileRef = 3D676C321F59FF5D009575F6 /* MMDVPDReader.swift */; };
		3D676C491F59FF5D009575F6 /* MMDXReader.swift in Sources */ = {isa = PBXBuildFile; fileRef = 3D676C331F59FF5D009575F6 /* MMDXReader.swift */; };
		3D676C4A1F59FF5D009575F6 /* Regexp.swift in Sources */ = {isa = PBXBuildFile; fileRef = 3D676C341F59FF5D009575F6 /* Regexp.swift */; };
		3D676C4C1F59FF8B009575F6 /* art.scnassets in Resources */ = {isa = PBXBuildFile; fileRef = 3D676C4B1F59FF8B009575F6 /* art.scnassets */; };
		3D676C4E1F5A03FA009575F6 /* 自己紹介.mp3 in Resources */ = {isa = PBXBuildFile; fileRef = 3D676C4D1F5A03FA009575F6 /* 自己紹介.mp3 */; };
		672339D812AD47EEEFF773BC /* Pods_KizunaAiChanAlarm.framework in Frameworks */ = {isa = PBXBuildFile; fileRef = 8C57CDE5B4B1D17ECD2295AE /* Pods_KizunaAiChanAlarm.framework */; };
		A5453FC21F72A0270085136B /* Twitter.storyboard in Resources */ = {isa = PBXBuildFile; fileRef = A5453FC11F72A0270085136B /* Twitter.storyboard */; };
		A5453FC41F72B8CF0085136B /* TwitterViewController.swift in Sources */ = {isa = PBXBuildFile; fileRef = A5453FC31F72B8CF0085136B /* TwitterViewController.swift */; };
		C03A92C61F59C81E00A69663 /* ichiouwakeup.m4a in Resources */ = {isa = PBXBuildFile; fileRef = C03A92C51F59C81E00A69663 /* ichiouwakeup.m4a */; };
		C049AC1E1F7021AC001C8073 /* Alarm.storyboard in Resources */ = {isa = PBXBuildFile; fileRef = C049AC1D1F7021AC001C8073 /* Alarm.storyboard */; };
		C049AC201F7022CC001C8073 /* MainTabController.swift in Sources */ = {isa = PBXBuildFile; fileRef = C049AC1F1F7022CC001C8073 /* MainTabController.swift */; };
		C049AC221F702931001C8073 /* AIChannel.storyboard in Resources */ = {isa = PBXBuildFile; fileRef = C049AC211F702931001C8073 /* AIChannel.storyboard */; };
		C049AC241F702983001C8073 /* Website.storyboard in Resources */ = {isa = PBXBuildFile; fileRef = C049AC231F702983001C8073 /* Website.storyboard */; };
		C0547BE31F58626800386292 /* hayaoki.m4a in Resources */ = {isa = PBXBuildFile; fileRef = C0547BE01F58626800386292 /* hayaoki.m4a */; };
		C0547BE41F58626800386292 /* snooze.m4a in Resources */ = {isa = PBXBuildFile; fileRef = C0547BE11F58626800386292 /* snooze.m4a */; };
		C0547BE51F58626800386292 /* wakeUp.m4a in Resources */ = {isa = PBXBuildFile; fileRef = C0547BE21F58626800386292 /* wakeUp.m4a */; };
		C07C8B7E1F4F896600D5AB66 /* default.m4a in Resources */ = {isa = PBXBuildFile; fileRef = C07C8B7D1F4F896600D5AB66 /* default.m4a */; };
		C0CB6C471F710AD700255E78 /* WebsiteViewController.swift in Sources */ = {isa = PBXBuildFile; fileRef = C0CB6C461F710AD700255E78 /* WebsiteViewController.swift */; };
		C0CB6C4B1F7112FF00255E78 /* AIChannelViewController.swift in Sources */ = {isa = PBXBuildFile; fileRef = C0CB6C4A1F7112FF00255E78 /* AIChannelViewController.swift */; };
		C0F84F441F4F540F00524848 /* AppDelegate.swift in Sources */ = {isa = PBXBuildFile; fileRef = C0F84F431F4F540F00524848 /* AppDelegate.swift */; };
		C0F84F461F4F540F00524848 /* ViewController.swift in Sources */ = {isa = PBXBuildFile; fileRef = C0F84F451F4F540F00524848 /* ViewController.swift */; };
		C0F84F491F4F540F00524848 /* Main.storyboard in Resources */ = {isa = PBXBuildFile; fileRef = C0F84F471F4F540F00524848 /* Main.storyboard */; };
		C0F84F4B1F4F540F00524848 /* Assets.xcassets in Resources */ = {isa = PBXBuildFile; fileRef = C0F84F4A1F4F540F00524848 /* Assets.xcassets */; };
		C0F84F4E1F4F540F00524848 /* LaunchScreen.storyboard in Resources */ = {isa = PBXBuildFile; fileRef = C0F84F4C1F4F540F00524848 /* LaunchScreen.storyboard */; };
		C0F84F591F4F540F00524848 /* KizunaAiChanAlarmTests.swift in Sources */ = {isa = PBXBuildFile; fileRef = C0F84F581F4F540F00524848 /* KizunaAiChanAlarmTests.swift */; };
		C0F84F641F4F540F00524848 /* KizunaAiChanAlarmUITests.swift in Sources */ = {isa = PBXBuildFile; fileRef = C0F84F631F4F540F00524848 /* KizunaAiChanAlarmUITests.swift */; };
/* End PBXBuildFile section */

/* Begin PBXContainerItemProxy section */
		C0F84F551F4F540F00524848 /* PBXContainerItemProxy */ = {
			isa = PBXContainerItemProxy;
			containerPortal = C0F84F381F4F540F00524848 /* Project object */;
			proxyType = 1;
			remoteGlobalIDString = C0F84F3F1F4F540F00524848;
			remoteInfo = KizunaAiChanAlarm;
		};
		C0F84F601F4F540F00524848 /* PBXContainerItemProxy */ = {
			isa = PBXContainerItemProxy;
			containerPortal = C0F84F381F4F540F00524848 /* Project object */;
			proxyType = 1;
			remoteGlobalIDString = C0F84F3F1F4F540F00524848;
			remoteInfo = KizunaAiChanAlarm;
		};
/* End PBXContainerItemProxy section */

/* Begin PBXFileReference section */
		3D676C121F59F57D009575F6 /* AVPlayerView.swift */ = {isa = PBXFileReference; fileEncoding = 4; lastKnownFileType = sourcecode.swift; path = AVPlayerView.swift; sourceTree = "<group>"; };
		3D676C1A1F59FCA1009575F6 /* testVideo.mp4 */ = {isa = PBXFileReference; lastKnownFileType = file; path = testVideo.mp4; sourceTree = "<group>"; };
		3D676C1C1F59FED8009575F6 /* MMDView.swift */ = {isa = PBXFileReference; fileEncoding = 4; lastKnownFileType = sourcecode.swift; path = MMDView.swift; sourceTree = "<group>"; };
		3D676C1F1F59FF5D009575F6 /* CommonTypes.swift */ = {isa = PBXFileReference; fileEncoding = 4; lastKnownFileType = sourcecode.swift; path = CommonTypes.swift; sourceTree = "<group>"; };
		3D676C201F59FF5D009575F6 /* MMDCameraNode.swift */ = {isa = PBXFileReference; fileEncoding = 4; lastKnownFileType = sourcecode.swift; path = MMDCameraNode.swift; sourceTree = "<group>"; };
		3D676C211F59FF5D009575F6 /* MMDIKConstraint.swift */ = {isa = PBXFileReference; fileEncoding = 4; lastKnownFileType = sourcecode.swift; path = MMDIKConstraint.swift; sourceTree = "<group>"; };
		3D676C221F59FF5D009575F6 /* MMDIKController.swift */ = {isa = PBXFileReference; fileEncoding = 4; lastKnownFileType = sourcecode.swift; path = MMDIKController.swift; sourceTree = "<group>"; };
		3D676C231F59FF5D009575F6 /* MMDNode.swift */ = {isa = PBXFileReference; fileEncoding = 4; lastKnownFileType = sourcecode.swift; path = MMDNode.swift; sourceTree = "<group>"; };
		3D676C241F59FF5D009575F6 /* MMDPMDReader.swift */ = {isa = PBXFileReference; fileEncoding = 4; lastKnownFileType = sourcecode.swift; path = MMDPMDReader.swift; sourceTree = "<group>"; };
		3D676C251F59FF5D009575F6 /* MMDPMMReader.swift */ = {isa = PBXFileReference; fileEncoding = 4; lastKnownFileType = sourcecode.swift; path = MMDPMMReader.swift; sourceTree = "<group>"; };
		3D676C261F59FF5D009575F6 /* MMDPMXReader.swift */ = {isa = PBXFileReference; fileEncoding = 4; lastKnownFileType = sourcecode.swift; path = MMDPMXReader.swift; sourceTree = "<group>"; };
		3D676C271F59FF5D009575F6 /* MMDPostShader.metal */ = {isa = PBXFileReference; fileEncoding = 4; lastKnownFileType = sourcecode.metal; path = MMDPostShader.metal; sourceTree = "<group>"; };
		3D676C281F59FF5D009575F6 /* MMDPostShader.plist */ = {isa = PBXFileReference; fileEncoding = 4; lastKnownFileType = text.plist.xml; path = MMDPostShader.plist; sourceTree = "<group>"; };
		3D676C291F59FF5D009575F6 /* MMDProgram.swift */ = {isa = PBXFileReference; fileEncoding = 4; lastKnownFileType = sourcecode.swift; path = MMDProgram.swift; sourceTree = "<group>"; };
		3D676C2A1F59FF5D009575F6 /* MMDReader.swift */ = {isa = PBXFileReference; fileEncoding = 4; lastKnownFileType = sourcecode.swift; path = MMDReader.swift; sourceTree = "<group>"; };
		3D676C2B1F59FF5D009575F6 /* MMDSceneSource.swift */ = {isa = PBXFileReference; fileEncoding = 4; lastKnownFileType = sourcecode.swift; path = MMDSceneSource.swift; sourceTree = "<group>"; };
		3D676C2C1F59FF5D009575F6 /* MMDShader.metal */ = {isa = PBXFileReference; fileEncoding = 4; lastKnownFileType = sourcecode.metal; path = MMDShader.metal; sourceTree = "<group>"; };
		3D676C2D1F59FF5D009575F6 /* MMDShader.plist */ = {isa = PBXFileReference; fileEncoding = 4; lastKnownFileType = text.plist.xml; path = MMDShader.plist; sourceTree = "<group>"; };
		3D676C2E1F59FF5D009575F6 /* MMDShader.swift */ = {isa = PBXFileReference; fileEncoding = 4; lastKnownFileType = sourcecode.swift; path = MMDShader.swift; sourceTree = "<group>"; };
		3D676C2F1F59FF5D009575F6 /* MMDShaderModifier.metal */ = {isa = PBXFileReference; fileEncoding = 4; lastKnownFileType = sourcecode.metal; path = MMDShaderModifier.metal; sourceTree = "<group>"; };
		3D676C301F59FF5D009575F6 /* MMDVACReader.swift */ = {isa = PBXFileReference; fileEncoding = 4; lastKnownFileType = sourcecode.swift; path = MMDVACReader.swift; sourceTree = "<group>"; };
		3D676C311F59FF5D009575F6 /* MMDVMDReader.swift */ = {isa = PBXFileReference; fileEncoding = 4; lastKnownFileType = sourcecode.swift; path = MMDVMDReader.swift; sourceTree = "<group>"; };
		3D676C321F59FF5D009575F6 /* MMDVPDReader.swift */ = {isa = PBXFileReference; fileEncoding = 4; lastKnownFileType = sourcecode.swift; path = MMDVPDReader.swift; sourceTree = "<group>"; };
		3D676C331F59FF5D009575F6 /* MMDXReader.swift */ = {isa = PBXFileReference; fileEncoding = 4; lastKnownFileType = sourcecode.swift; path = MMDXReader.swift; sourceTree = "<group>"; };
		3D676C341F59FF5D009575F6 /* Regexp.swift */ = {isa = PBXFileReference; fileEncoding = 4; lastKnownFileType = sourcecode.swift; path = Regexp.swift; sourceTree = "<group>"; };
		3D676C4B1F59FF8B009575F6 /* art.scnassets */ = {isa = PBXFileReference; lastKnownFileType = wrapper.scnassets; path = art.scnassets; sourceTree = "<group>"; };
		3D676C4D1F5A03FA009575F6 /* 自己紹介.mp3 */ = {isa = PBXFileReference; lastKnownFileType = audio.mp3; path = "自己紹介.mp3"; sourceTree = "<group>"; };
		43B158293F50417EE447810E /* Pods-KizunaAiChanAlarm.release.xcconfig */ = {isa = PBXFileReference; includeInIndex = 1; lastKnownFileType = text.xcconfig; name = "Pods-KizunaAiChanAlarm.release.xcconfig"; path = "Pods/Target Support Files/Pods-KizunaAiChanAlarm/Pods-KizunaAiChanAlarm.release.xcconfig"; sourceTree = "<group>"; };
		5D9BF7D0FA76BFBF0AE8CA16 /* Pods-KizunaAiChanAlarm.debug.xcconfig */ = {isa = PBXFileReference; includeInIndex = 1; lastKnownFileType = text.xcconfig; name = "Pods-KizunaAiChanAlarm.debug.xcconfig"; path = "Pods/Target Support Files/Pods-KizunaAiChanAlarm/Pods-KizunaAiChanAlarm.debug.xcconfig"; sourceTree = "<group>"; };
		8C57CDE5B4B1D17ECD2295AE /* Pods_KizunaAiChanAlarm.framework */ = {isa = PBXFileReference; explicitFileType = wrapper.framework; includeInIndex = 0; path = Pods_KizunaAiChanAlarm.framework; sourceTree = BUILT_PRODUCTS_DIR; };
		A5453FC11F72A0270085136B /* Twitter.storyboard */ = {isa = PBXFileReference; fileEncoding = 4; lastKnownFileType = file.storyboard; path = Twitter.storyboard; sourceTree = "<group>"; };
		A5453FC31F72B8CF0085136B /* TwitterViewController.swift */ = {isa = PBXFileReference; fileEncoding = 4; lastKnownFileType = sourcecode.swift; path = TwitterViewController.swift; sourceTree = "<group>"; };
		C03A92C51F59C81E00A69663 /* ichiouwakeup.m4a */ = {isa = PBXFileReference; lastKnownFileType = file; path = ichiouwakeup.m4a; sourceTree = "<group>"; };
		C049AC1D1F7021AC001C8073 /* Alarm.storyboard */ = {isa = PBXFileReference; fileEncoding = 4; lastKnownFileType = file.storyboard; path = Alarm.storyboard; sourceTree = "<group>"; };
		C049AC1F1F7022CC001C8073 /* MainTabController.swift */ = {isa = PBXFileReference; fileEncoding = 4; lastKnownFileType = sourcecode.swift; path = MainTabController.swift; sourceTree = "<group>"; };
		C049AC211F702931001C8073 /* AIChannel.storyboard */ = {isa = PBXFileReference; fileEncoding = 4; lastKnownFileType = file.storyboard; path = AIChannel.storyboard; sourceTree = "<group>"; };
		C049AC231F702983001C8073 /* Website.storyboard */ = {isa = PBXFileReference; fileEncoding = 4; lastKnownFileType = file.storyboard; path = Website.storyboard; sourceTree = "<group>"; };
		C0547BE01F58626800386292 /* hayaoki.m4a */ = {isa = PBXFileReference; lastKnownFileType = file; path = hayaoki.m4a; sourceTree = "<group>"; };
		C0547BE11F58626800386292 /* snooze.m4a */ = {isa = PBXFileReference; lastKnownFileType = file; path = snooze.m4a; sourceTree = "<group>"; };
		C0547BE21F58626800386292 /* wakeUp.m4a */ = {isa = PBXFileReference; lastKnownFileType = file; path = wakeUp.m4a; sourceTree = "<group>"; };
		C07C8B7D1F4F896600D5AB66 /* default.m4a */ = {isa = PBXFileReference; lastKnownFileType = file; path = default.m4a; sourceTree = "<group>"; };
		C0CB6C461F710AD700255E78 /* WebsiteViewController.swift */ = {isa = PBXFileReference; fileEncoding = 4; lastKnownFileType = sourcecode.swift; path = WebsiteViewController.swift; sourceTree = "<group>"; };
		C0CB6C4A1F7112FF00255E78 /* AIChannelViewController.swift */ = {isa = PBXFileReference; fileEncoding = 4; lastKnownFileType = sourcecode.swift; path = AIChannelViewController.swift; sourceTree = "<group>"; };
		C0F84F401F4F540F00524848 /* KizunaAiChanAlarm.app */ = {isa = PBXFileReference; explicitFileType = wrapper.application; includeInIndex = 0; path = KizunaAiChanAlarm.app; sourceTree = BUILT_PRODUCTS_DIR; };
		C0F84F431F4F540F00524848 /* AppDelegate.swift */ = {isa = PBXFileReference; lastKnownFileType = sourcecode.swift; path = AppDelegate.swift; sourceTree = "<group>"; };
		C0F84F451F4F540F00524848 /* ViewController.swift */ = {isa = PBXFileReference; lastKnownFileType = sourcecode.swift; path = ViewController.swift; sourceTree = "<group>"; };
		C0F84F481F4F540F00524848 /* Base */ = {isa = PBXFileReference; lastKnownFileType = file.storyboard; name = Base; path = Base.lproj/Main.storyboard; sourceTree = "<group>"; };
		C0F84F4A1F4F540F00524848 /* Assets.xcassets */ = {isa = PBXFileReference; lastKnownFileType = folder.assetcatalog; path = Assets.xcassets; sourceTree = "<group>"; };
		C0F84F4D1F4F540F00524848 /* Base */ = {isa = PBXFileReference; lastKnownFileType = file.storyboard; name = Base; path = Base.lproj/LaunchScreen.storyboard; sourceTree = "<group>"; };
		C0F84F4F1F4F540F00524848 /* Info.plist */ = {isa = PBXFileReference; lastKnownFileType = text.plist.xml; path = Info.plist; sourceTree = "<group>"; };
		C0F84F541F4F540F00524848 /* KizunaAiChanAlarmTests.xctest */ = {isa = PBXFileReference; explicitFileType = wrapper.cfbundle; includeInIndex = 0; path = KizunaAiChanAlarmTests.xctest; sourceTree = BUILT_PRODUCTS_DIR; };
		C0F84F581F4F540F00524848 /* KizunaAiChanAlarmTests.swift */ = {isa = PBXFileReference; lastKnownFileType = sourcecode.swift; path = KizunaAiChanAlarmTests.swift; sourceTree = "<group>"; };
		C0F84F5A1F4F540F00524848 /* Info.plist */ = {isa = PBXFileReference; lastKnownFileType = text.plist.xml; path = Info.plist; sourceTree = "<group>"; };
		C0F84F5F1F4F540F00524848 /* KizunaAiChanAlarmUITests.xctest */ = {isa = PBXFileReference; explicitFileType = wrapper.cfbundle; includeInIndex = 0; path = KizunaAiChanAlarmUITests.xctest; sourceTree = BUILT_PRODUCTS_DIR; };
		C0F84F631F4F540F00524848 /* KizunaAiChanAlarmUITests.swift */ = {isa = PBXFileReference; lastKnownFileType = sourcecode.swift; path = KizunaAiChanAlarmUITests.swift; sourceTree = "<group>"; };
		C0F84F651F4F540F00524848 /* Info.plist */ = {isa = PBXFileReference; lastKnownFileType = text.plist.xml; path = Info.plist; sourceTree = "<group>"; };
/* End PBXFileReference section */

/* Begin PBXFrameworksBuildPhase section */
		C0F84F3D1F4F540F00524848 /* Frameworks */ = {
			isa = PBXFrameworksBuildPhase;
			buildActionMask = 2147483647;
			files = (
				672339D812AD47EEEFF773BC /* Pods_KizunaAiChanAlarm.framework in Frameworks */,
			);
			runOnlyForDeploymentPostprocessing = 0;
		};
		C0F84F511F4F540F00524848 /* Frameworks */ = {
			isa = PBXFrameworksBuildPhase;
			buildActionMask = 2147483647;
			files = (
			);
			runOnlyForDeploymentPostprocessing = 0;
		};
		C0F84F5C1F4F540F00524848 /* Frameworks */ = {
			isa = PBXFrameworksBuildPhase;
			buildActionMask = 2147483647;
			files = (
			);
			runOnlyForDeploymentPostprocessing = 0;
		};
/* End PBXFrameworksBuildPhase section */

/* Begin PBXGroup section */
		13553DFE302D9CA90ACAF07A /* Pods */ = {
			isa = PBXGroup;
			children = (
				5D9BF7D0FA76BFBF0AE8CA16 /* Pods-KizunaAiChanAlarm.debug.xcconfig */,
				43B158293F50417EE447810E /* Pods-KizunaAiChanAlarm.release.xcconfig */,
			);
			name = Pods;
			sourceTree = "<group>";
		};
		3D676C1E1F59FF5D009575F6 /* Common */ = {
			isa = PBXGroup;
			children = (
				3D676C1F1F59FF5D009575F6 /* CommonTypes.swift */,
				3D676C201F59FF5D009575F6 /* MMDCameraNode.swift */,
				3D676C211F59FF5D009575F6 /* MMDIKConstraint.swift */,
				3D676C221F59FF5D009575F6 /* MMDIKController.swift */,
				3D676C231F59FF5D009575F6 /* MMDNode.swift */,
				3D676C241F59FF5D009575F6 /* MMDPMDReader.swift */,
				3D676C251F59FF5D009575F6 /* MMDPMMReader.swift */,
				3D676C261F59FF5D009575F6 /* MMDPMXReader.swift */,
				3D676C271F59FF5D009575F6 /* MMDPostShader.metal */,
				3D676C281F59FF5D009575F6 /* MMDPostShader.plist */,
				3D676C291F59FF5D009575F6 /* MMDProgram.swift */,
				3D676C2A1F59FF5D009575F6 /* MMDReader.swift */,
				3D676C2B1F59FF5D009575F6 /* MMDSceneSource.swift */,
				3D676C2C1F59FF5D009575F6 /* MMDShader.metal */,
				3D676C2D1F59FF5D009575F6 /* MMDShader.plist */,
				3D676C2E1F59FF5D009575F6 /* MMDShader.swift */,
				3D676C2F1F59FF5D009575F6 /* MMDShaderModifier.metal */,
				3D676C301F59FF5D009575F6 /* MMDVACReader.swift */,
				3D676C311F59FF5D009575F6 /* MMDVMDReader.swift */,
				3D676C321F59FF5D009575F6 /* MMDVPDReader.swift */,
				3D676C331F59FF5D009575F6 /* MMDXReader.swift */,
				3D676C341F59FF5D009575F6 /* Regexp.swift */,
			);
			path = Common;
			sourceTree = "<group>";
		};
		462D890D6F1F266E2234B59F /* Frameworks */ = {
			isa = PBXGroup;
			children = (
				8C57CDE5B4B1D17ECD2295AE /* Pods_KizunaAiChanAlarm.framework */,
			);
			name = Frameworks;
			sourceTree = "<group>";
		};
		C0F84F371F4F540F00524848 = {
			isa = PBXGroup;
			children = (
				C0F84F421F4F540F00524848 /* KizunaAiChanAlarm */,
				C0F84F571F4F540F00524848 /* KizunaAiChanAlarmTests */,
				C0F84F621F4F540F00524848 /* KizunaAiChanAlarmUITests */,
				C0F84F411F4F540F00524848 /* Products */,
				13553DFE302D9CA90ACAF07A /* Pods */,
				462D890D6F1F266E2234B59F /* Frameworks */,
			);
			sourceTree = "<group>";
		};
		C0F84F411F4F540F00524848 /* Products */ = {
			isa = PBXGroup;
			children = (
				C0F84F401F4F540F00524848 /* KizunaAiChanAlarm.app */,
				C0F84F541F4F540F00524848 /* KizunaAiChanAlarmTests.xctest */,
				C0F84F5F1F4F540F00524848 /* KizunaAiChanAlarmUITests.xctest */,
			);
			name = Products;
			sourceTree = "<group>";
		};
		C0F84F421F4F540F00524848 /* KizunaAiChanAlarm */ = {
			isa = PBXGroup;
			children = (
				3D676C1E1F59FF5D009575F6 /* Common */,
				C03A92C51F59C81E00A69663 /* ichiouwakeup.m4a */,
				C0547BE01F58626800386292 /* hayaoki.m4a */,
				C0547BE11F58626800386292 /* snooze.m4a */,
				C0547BE21F58626800386292 /* wakeUp.m4a */,
				C07C8B7D1F4F896600D5AB66 /* default.m4a */,
				3D676C4D1F5A03FA009575F6 /* 自己紹介.mp3 */,
				3D676C1A1F59FCA1009575F6 /* testVideo.mp4 */,
				3D676C4B1F59FF8B009575F6 /* art.scnassets */,
				C0F84F431F4F540F00524848 /* AppDelegate.swift */,
				C0F84F451F4F540F00524848 /* ViewController.swift */,
				3D676C1C1F59FED8009575F6 /* MMDView.swift */,
				3D676C121F59F57D009575F6 /* AVPlayerView.swift */,
				C049AC1F1F7022CC001C8073 /* MainTabController.swift */,
				C0F84F471F4F540F00524848 /* Main.storyboard */,
				C049AC1D1F7021AC001C8073 /* Alarm.storyboard */,
				C049AC211F702931001C8073 /* AIChannel.storyboard */,
				C0CB6C4A1F7112FF00255E78 /* AIChannelViewController.swift */,
				C049AC231F702983001C8073 /* Website.storyboard */,
				C0CB6C461F710AD700255E78 /* WebsiteViewController.swift */,
				C0F84F4A1F4F540F00524848 /* Assets.xcassets */,
				C0F84F4C1F4F540F00524848 /* LaunchScreen.storyboard */,
				C0F84F4F1F4F540F00524848 /* Info.plist */,
				A5453FC11F72A0270085136B /* Twitter.storyboard */,
				A5453FC31F72B8CF0085136B /* TwitterViewController.swift */,
			);
			path = KizunaAiChanAlarm;
			sourceTree = "<group>";
		};
		C0F84F571F4F540F00524848 /* KizunaAiChanAlarmTests */ = {
			isa = PBXGroup;
			children = (
				C0F84F581F4F540F00524848 /* KizunaAiChanAlarmTests.swift */,
				C0F84F5A1F4F540F00524848 /* Info.plist */,
			);
			path = KizunaAiChanAlarmTests;
			sourceTree = "<group>";
		};
		C0F84F621F4F540F00524848 /* KizunaAiChanAlarmUITests */ = {
			isa = PBXGroup;
			children = (
				C0F84F631F4F540F00524848 /* KizunaAiChanAlarmUITests.swift */,
				C0F84F651F4F540F00524848 /* Info.plist */,
			);
			path = KizunaAiChanAlarmUITests;
			sourceTree = "<group>";
		};
/* End PBXGroup section */

/* Begin PBXNativeTarget section */
		C0F84F3F1F4F540F00524848 /* KizunaAiChanAlarm */ = {
			isa = PBXNativeTarget;
			buildConfigurationList = C0F84F681F4F540F00524848 /* Build configuration list for PBXNativeTarget "KizunaAiChanAlarm" */;
			buildPhases = (
				A0112FA3F046A172E7E290C4 /* [CP] Check Pods Manifest.lock */,
				C0F84F3C1F4F540F00524848 /* Sources */,
				C0F84F3D1F4F540F00524848 /* Frameworks */,
				C0F84F3E1F4F540F00524848 /* Resources */,
				60519D315D130C2B9265DDE7 /* [CP] Embed Pods Frameworks */,
				02D3FC04BBAE0F8C4248C725 /* [CP] Copy Pods Resources */,
			);
			buildRules = (
			);
			dependencies = (
			);
			name = KizunaAiChanAlarm;
			productName = KizunaAiChanAlarm;
			productReference = C0F84F401F4F540F00524848 /* KizunaAiChanAlarm.app */;
			productType = "com.apple.product-type.application";
		};
		C0F84F531F4F540F00524848 /* KizunaAiChanAlarmTests */ = {
			isa = PBXNativeTarget;
			buildConfigurationList = C0F84F6B1F4F540F00524848 /* Build configuration list for PBXNativeTarget "KizunaAiChanAlarmTests" */;
			buildPhases = (
				C0F84F501F4F540F00524848 /* Sources */,
				C0F84F511F4F540F00524848 /* Frameworks */,
				C0F84F521F4F540F00524848 /* Resources */,
			);
			buildRules = (
			);
			dependencies = (
				C0F84F561F4F540F00524848 /* PBXTargetDependency */,
			);
			name = KizunaAiChanAlarmTests;
			productName = KizunaAiChanAlarmTests;
			productReference = C0F84F541F4F540F00524848 /* KizunaAiChanAlarmTests.xctest */;
			productType = "com.apple.product-type.bundle.unit-test";
		};
		C0F84F5E1F4F540F00524848 /* KizunaAiChanAlarmUITests */ = {
			isa = PBXNativeTarget;
			buildConfigurationList = C0F84F6E1F4F540F00524848 /* Build configuration list for PBXNativeTarget "KizunaAiChanAlarmUITests" */;
			buildPhases = (
				C0F84F5B1F4F540F00524848 /* Sources */,
				C0F84F5C1F4F540F00524848 /* Frameworks */,
				C0F84F5D1F4F540F00524848 /* Resources */,
			);
			buildRules = (
			);
			dependencies = (
				C0F84F611F4F540F00524848 /* PBXTargetDependency */,
			);
			name = KizunaAiChanAlarmUITests;
			productName = KizunaAiChanAlarmUITests;
			productReference = C0F84F5F1F4F540F00524848 /* KizunaAiChanAlarmUITests.xctest */;
			productType = "com.apple.product-type.bundle.ui-testing";
		};
/* End PBXNativeTarget section */

/* Begin PBXProject section */
		C0F84F381F4F540F00524848 /* Project object */ = {
			isa = PBXProject;
			attributes = {
				LastSwiftUpdateCheck = 0830;
				LastUpgradeCheck = 0830;
				ORGANIZATIONNAME = "Atsuo Yonehara";
				TargetAttributes = {
					C0F84F3F1F4F540F00524848 = {
						CreatedOnToolsVersion = 8.3.3;
						DevelopmentTeam = 79N3F89EVZ;
						ProvisioningStyle = Automatic;
					};
					C0F84F531F4F540F00524848 = {
						CreatedOnToolsVersion = 8.3.3;
						DevelopmentTeam = Z793E54W8T;
						ProvisioningStyle = Automatic;
						TestTargetID = C0F84F3F1F4F540F00524848;
					};
					C0F84F5E1F4F540F00524848 = {
						CreatedOnToolsVersion = 8.3.3;
						DevelopmentTeam = Z793E54W8T;
						ProvisioningStyle = Automatic;
						TestTargetID = C0F84F3F1F4F540F00524848;
					};
				};
			};
			buildConfigurationList = C0F84F3B1F4F540F00524848 /* Build configuration list for PBXProject "KizunaAiChanAlarm" */;
			compatibilityVersion = "Xcode 3.2";
			developmentRegion = English;
			hasScannedForEncodings = 0;
			knownRegions = (
				en,
				Base,
			);
			mainGroup = C0F84F371F4F540F00524848;
			productRefGroup = C0F84F411F4F540F00524848 /* Products */;
			projectDirPath = "";
			projectRoot = "";
			targets = (
				C0F84F3F1F4F540F00524848 /* KizunaAiChanAlarm */,
				C0F84F531F4F540F00524848 /* KizunaAiChanAlarmTests */,
				C0F84F5E1F4F540F00524848 /* KizunaAiChanAlarmUITests */,
			);
		};
/* End PBXProject section */

/* Begin PBXResourcesBuildPhase section */
		C0F84F3E1F4F540F00524848 /* Resources */ = {
			isa = PBXResourcesBuildPhase;
			buildActionMask = 2147483647;
			files = (
				3D676C431F59FF5D009575F6 /* MMDShader.plist in Resources */,
				3D676C4E1F5A03FA009575F6 /* 自己紹介.mp3 in Resources */,
				3D676C4C1F59FF8B009575F6 /* art.scnassets in Resources */,
				C0547BE41F58626800386292 /* snooze.m4a in Resources */,
				C07C8B7E1F4F896600D5AB66 /* default.m4a in Resources */,
				C049AC1E1F7021AC001C8073 /* Alarm.storyboard in Resources */,
				C0547BE51F58626800386292 /* wakeUp.m4a in Resources */,
				3D676C1B1F59FCA1009575F6 /* testVideo.mp4 in Resources */,
				C0F84F4E1F4F540F00524848 /* LaunchScreen.storyboard in Resources */,
				C0F84F4B1F4F540F00524848 /* Assets.xcassets in Resources */,
				C049AC221F702931001C8073 /* AIChannel.storyboard in Resources */,
				C0F84F491F4F540F00524848 /* Main.storyboard in Resources */,
				C049AC241F702983001C8073 /* Website.storyboard in Resources */,
				C03A92C61F59C81E00A69663 /* ichiouwakeup.m4a in Resources */,
				C0547BE31F58626800386292 /* hayaoki.m4a in Resources */,
				3D676C3E1F59FF5D009575F6 /* MMDPostShader.plist in Resources */,
				A5453FC21F72A0270085136B /* Twitter.storyboard in Resources */,
			);
			runOnlyForDeploymentPostprocessing = 0;
		};
		C0F84F521F4F540F00524848 /* Resources */ = {
			isa = PBXResourcesBuildPhase;
			buildActionMask = 2147483647;
			files = (
			);
			runOnlyForDeploymentPostprocessing = 0;
		};
		C0F84F5D1F4F540F00524848 /* Resources */ = {
			isa = PBXResourcesBuildPhase;
			buildActionMask = 2147483647;
			files = (
			);
			runOnlyForDeploymentPostprocessing = 0;
		};
/* End PBXResourcesBuildPhase section */

/* Begin PBXShellScriptBuildPhase section */
		02D3FC04BBAE0F8C4248C725 /* [CP] Copy Pods Resources */ = {
			isa = PBXShellScriptBuildPhase;
			buildActionMask = 2147483647;
			files = (
			);
			inputPaths = (
				"${SRCROOT}/Pods/Target Support Files/Pods-KizunaAiChanAlarm/Pods-KizunaAiChanAlarm-resources.sh",
				"${PODS_ROOT}/TwitterKit/iOS/TwitterKit.framework/TwitterKitResources.bundle",
				"${PODS_ROOT}/TwitterKit/iOS/TwitterKit.framework/TwitterShareExtensionUIResources.bundle",
			);
			name = "[CP] Copy Pods Resources";
			outputPaths = (
				"${TARGET_BUILD_DIR}/${UNLOCALIZED_RESOURCES_FOLDER_PATH}",
			);
			runOnlyForDeploymentPostprocessing = 0;
			shellPath = /bin/sh;
			shellScript = "\"${SRCROOT}/Pods/Target Support Files/Pods-KizunaAiChanAlarm/Pods-KizunaAiChanAlarm-resources.sh\"\n";
			showEnvVarsInLog = 0;
		};
		60519D315D130C2B9265DDE7 /* [CP] Embed Pods Frameworks */ = {
			isa = PBXShellScriptBuildPhase;
			buildActionMask = 2147483647;
			files = (
			);
			inputPaths = (
			);
			name = "[CP] Embed Pods Frameworks";
			outputPaths = (
			);
			runOnlyForDeploymentPostprocessing = 0;
			shellPath = /bin/sh;
			shellScript = "\"${SRCROOT}/Pods/Target Support Files/Pods-KizunaAiChanAlarm/Pods-KizunaAiChanAlarm-frameworks.sh\"\n";
			showEnvVarsInLog = 0;
		};
		A0112FA3F046A172E7E290C4 /* [CP] Check Pods Manifest.lock */ = {
			isa = PBXShellScriptBuildPhase;
			buildActionMask = 2147483647;
			files = (
			);
			inputPaths = (
				"${PODS_PODFILE_DIR_PATH}/Podfile.lock",
				"${PODS_ROOT}/Manifest.lock",
			);
			name = "[CP] Check Pods Manifest.lock";
			outputPaths = (
				"$(DERIVED_FILE_DIR)/Pods-KizunaAiChanAlarm-checkManifestLockResult.txt",
			);
			runOnlyForDeploymentPostprocessing = 0;
			shellPath = /bin/sh;
			shellScript = "diff \"${PODS_PODFILE_DIR_PATH}/Podfile.lock\" \"${PODS_ROOT}/Manifest.lock\" > /dev/null\nif [ $? != 0 ] ; then\n    # print error to STDERR\n    echo \"error: The sandbox is not in sync with the Podfile.lock. Run 'pod install' or update your CocoaPods installation.\" >&2\n    exit 1\nfi\n# This output is used by Xcode 'outputs' to avoid re-running this script phase.\necho \"SUCCESS\" > \"${SCRIPT_OUTPUT_FILE_0}\"\n";
			showEnvVarsInLog = 0;
		};
/* End PBXShellScriptBuildPhase section */

/* Begin PBXSourcesBuildPhase section */
		C0F84F3C1F4F540F00524848 /* Sources */ = {
			isa = PBXSourcesBuildPhase;
			buildActionMask = 2147483647;
			files = (
				3D676C131F59F57D009575F6 /* AVPlayerView.swift in Sources */,
				3D676C361F59FF5D009575F6 /* MMDCameraNode.swift in Sources */,
				C0CB6C4B1F7112FF00255E78 /* AIChannelViewController.swift in Sources */,
				3D676C4A1F59FF5D009575F6 /* Regexp.swift in Sources */,
				3D676C3B1F59FF5D009575F6 /* MMDPMMReader.swift in Sources */,
				3D676C371F59FF5D009575F6 /* MMDIKConstraint.swift in Sources */,
				3D676C461F59FF5D009575F6 /* MMDVACReader.swift in Sources */,
				3D676C3D1F59FF5D009575F6 /* MMDPostShader.metal in Sources */,
				3D676C351F59FF5D009575F6 /* CommonTypes.swift in Sources */,
				3D676C1D1F59FED8009575F6 /* MMDView.swift in Sources */,
				3D676C491F59FF5D009575F6 /* MMDXReader.swift in Sources */,
				C0CB6C471F710AD700255E78 /* WebsiteViewController.swift in Sources */,
				3D676C3F1F59FF5D009575F6 /* MMDProgram.swift in Sources */,
				C0F84F461F4F540F00524848 /* ViewController.swift in Sources */,
				3D676C3C1F59FF5D009575F6 /* MMDPMXReader.swift in Sources */,
				3D676C471F59FF5D009575F6 /* MMDVMDReader.swift in Sources */,
				3D676C391F59FF5D009575F6 /* MMDNode.swift in Sources */,
				3D676C3A1F59FF5D009575F6 /* MMDPMDReader.swift in Sources */,
				3D676C411F59FF5D009575F6 /* MMDSceneSource.swift in Sources */,
				C049AC201F7022CC001C8073 /* MainTabController.swift in Sources */,
				A5453FC41F72B8CF0085136B /* TwitterViewController.swift in Sources */,
				3D676C451F59FF5D009575F6 /* MMDShaderModifier.metal in Sources */,
				3D676C381F59FF5D009575F6 /* MMDIKController.swift in Sources */,
				3D676C401F59FF5D009575F6 /* MMDReader.swift in Sources */,
				3D676C481F59FF5D009575F6 /* MMDVPDReader.swift in Sources */,
				3D676C441F59FF5D009575F6 /* MMDShader.swift in Sources */,
				3D676C421F59FF5D009575F6 /* MMDShader.metal in Sources */,
				C0F84F441F4F540F00524848 /* AppDelegate.swift in Sources */,
			);
			runOnlyForDeploymentPostprocessing = 0;
		};
		C0F84F501F4F540F00524848 /* Sources */ = {
			isa = PBXSourcesBuildPhase;
			buildActionMask = 2147483647;
			files = (
				C0F84F591F4F540F00524848 /* KizunaAiChanAlarmTests.swift in Sources */,
			);
			runOnlyForDeploymentPostprocessing = 0;
		};
		C0F84F5B1F4F540F00524848 /* Sources */ = {
			isa = PBXSourcesBuildPhase;
			buildActionMask = 2147483647;
			files = (
				C0F84F641F4F540F00524848 /* KizunaAiChanAlarmUITests.swift in Sources */,
			);
			runOnlyForDeploymentPostprocessing = 0;
		};
/* End PBXSourcesBuildPhase section */

/* Begin PBXTargetDependency section */
		C0F84F561F4F540F00524848 /* PBXTargetDependency */ = {
			isa = PBXTargetDependency;
			target = C0F84F3F1F4F540F00524848 /* KizunaAiChanAlarm */;
			targetProxy = C0F84F551F4F540F00524848 /* PBXContainerItemProxy */;
		};
		C0F84F611F4F540F00524848 /* PBXTargetDependency */ = {
			isa = PBXTargetDependency;
			target = C0F84F3F1F4F540F00524848 /* KizunaAiChanAlarm */;
			targetProxy = C0F84F601F4F540F00524848 /* PBXContainerItemProxy */;
		};
/* End PBXTargetDependency section */

/* Begin PBXVariantGroup section */
		C0F84F471F4F540F00524848 /* Main.storyboard */ = {
			isa = PBXVariantGroup;
			children = (
				C0F84F481F4F540F00524848 /* Base */,
			);
			name = Main.storyboard;
			sourceTree = "<group>";
		};
		C0F84F4C1F4F540F00524848 /* LaunchScreen.storyboard */ = {
			isa = PBXVariantGroup;
			children = (
				C0F84F4D1F4F540F00524848 /* Base */,
			);
			name = LaunchScreen.storyboard;
			sourceTree = "<group>";
		};
/* End PBXVariantGroup section */

/* Begin XCBuildConfiguration section */
		C0F84F661F4F540F00524848 /* Debug */ = {
			isa = XCBuildConfiguration;
			buildSettings = {
				ALWAYS_SEARCH_USER_PATHS = NO;
				CLANG_ANALYZER_NONNULL = YES;
				CLANG_ANALYZER_NUMBER_OBJECT_CONVERSION = YES_AGGRESSIVE;
				CLANG_CXX_LANGUAGE_STANDARD = "gnu++0x";
				CLANG_CXX_LIBRARY = "libc++";
				CLANG_ENABLE_MODULES = YES;
				CLANG_ENABLE_OBJC_ARC = YES;
				CLANG_WARN_BOOL_CONVERSION = YES;
				CLANG_WARN_CONSTANT_CONVERSION = YES;
				CLANG_WARN_DIRECT_OBJC_ISA_USAGE = YES_ERROR;
				CLANG_WARN_DOCUMENTATION_COMMENTS = YES;
				CLANG_WARN_EMPTY_BODY = YES;
				CLANG_WARN_ENUM_CONVERSION = YES;
				CLANG_WARN_INFINITE_RECURSION = YES;
				CLANG_WARN_INT_CONVERSION = YES;
				CLANG_WARN_OBJC_ROOT_CLASS = YES_ERROR;
				CLANG_WARN_SUSPICIOUS_MOVE = YES;
				CLANG_WARN_UNREACHABLE_CODE = YES;
				CLANG_WARN__DUPLICATE_METHOD_MATCH = YES;
				"CODE_SIGN_IDENTITY[sdk=iphoneos*]" = "iPhone Developer";
				COPY_PHASE_STRIP = NO;
				DEBUG_INFORMATION_FORMAT = dwarf;
				ENABLE_STRICT_OBJC_MSGSEND = YES;
				ENABLE_TESTABILITY = YES;
				GCC_C_LANGUAGE_STANDARD = gnu99;
				GCC_DYNAMIC_NO_PIC = NO;
				GCC_NO_COMMON_BLOCKS = YES;
				GCC_OPTIMIZATION_LEVEL = 0;
				GCC_PREPROCESSOR_DEFINITIONS = (
					"DEBUG=1",
					"$(inherited)",
				);
				GCC_WARN_64_TO_32_BIT_CONVERSION = YES;
				GCC_WARN_ABOUT_RETURN_TYPE = YES_ERROR;
				GCC_WARN_UNDECLARED_SELECTOR = YES;
				GCC_WARN_UNINITIALIZED_AUTOS = YES_AGGRESSIVE;
				GCC_WARN_UNUSED_FUNCTION = YES;
				GCC_WARN_UNUSED_VARIABLE = YES;
				IPHONEOS_DEPLOYMENT_TARGET = 10.3;
				MTL_ENABLE_DEBUG_INFO = YES;
				ONLY_ACTIVE_ARCH = YES;
				SDKROOT = iphoneos;
				SWIFT_ACTIVE_COMPILATION_CONDITIONS = DEBUG;
				SWIFT_OPTIMIZATION_LEVEL = "-Onone";
			};
			name = Debug;
		};
		C0F84F671F4F540F00524848 /* Release */ = {
			isa = XCBuildConfiguration;
			buildSettings = {
				ALWAYS_SEARCH_USER_PATHS = NO;
				CLANG_ANALYZER_NONNULL = YES;
				CLANG_ANALYZER_NUMBER_OBJECT_CONVERSION = YES_AGGRESSIVE;
				CLANG_CXX_LANGUAGE_STANDARD = "gnu++0x";
				CLANG_CXX_LIBRARY = "libc++";
				CLANG_ENABLE_MODULES = YES;
				CLANG_ENABLE_OBJC_ARC = YES;
				CLANG_WARN_BOOL_CONVERSION = YES;
				CLANG_WARN_CONSTANT_CONVERSION = YES;
				CLANG_WARN_DIRECT_OBJC_ISA_USAGE = YES_ERROR;
				CLANG_WARN_DOCUMENTATION_COMMENTS = YES;
				CLANG_WARN_EMPTY_BODY = YES;
				CLANG_WARN_ENUM_CONVERSION = YES;
				CLANG_WARN_INFINITE_RECURSION = YES;
				CLANG_WARN_INT_CONVERSION = YES;
				CLANG_WARN_OBJC_ROOT_CLASS = YES_ERROR;
				CLANG_WARN_SUSPICIOUS_MOVE = YES;
				CLANG_WARN_UNREACHABLE_CODE = YES;
				CLANG_WARN__DUPLICATE_METHOD_MATCH = YES;
				"CODE_SIGN_IDENTITY[sdk=iphoneos*]" = "iPhone Developer";
				COPY_PHASE_STRIP = NO;
				DEBUG_INFORMATION_FORMAT = "dwarf-with-dsym";
				ENABLE_NS_ASSERTIONS = NO;
				ENABLE_STRICT_OBJC_MSGSEND = YES;
				GCC_C_LANGUAGE_STANDARD = gnu99;
				GCC_NO_COMMON_BLOCKS = YES;
				GCC_WARN_64_TO_32_BIT_CONVERSION = YES;
				GCC_WARN_ABOUT_RETURN_TYPE = YES_ERROR;
				GCC_WARN_UNDECLARED_SELECTOR = YES;
				GCC_WARN_UNINITIALIZED_AUTOS = YES_AGGRESSIVE;
				GCC_WARN_UNUSED_FUNCTION = YES;
				GCC_WARN_UNUSED_VARIABLE = YES;
				IPHONEOS_DEPLOYMENT_TARGET = 10.3;
				MTL_ENABLE_DEBUG_INFO = NO;
				SDKROOT = iphoneos;
				SWIFT_OPTIMIZATION_LEVEL = "-Owholemodule";
				VALIDATE_PRODUCT = YES;
			};
			name = Release;
		};
		C0F84F691F4F540F00524848 /* Debug */ = {
			isa = XCBuildConfiguration;
			baseConfigurationReference = 5D9BF7D0FA76BFBF0AE8CA16 /* Pods-KizunaAiChanAlarm.debug.xcconfig */;
			buildSettings = {
				ASSETCATALOG_COMPILER_APPICON_NAME = AppIcon;
				DEVELOPMENT_TEAM = 79N3F89EVZ;
				INFOPLIST_FILE = KizunaAiChanAlarm/Info.plist;
				LD_RUNPATH_SEARCH_PATHS = "$(inherited) @executable_path/Frameworks";
				PRODUCT_BUNDLE_IDENTIFIER = cps.ARTest;
				PRODUCT_NAME = "$(TARGET_NAME)";
				SWIFT_VERSION = 3.0;
			};
			name = Debug;
		};
		C0F84F6A1F4F540F00524848 /* Release */ = {
			isa = XCBuildConfiguration;
			baseConfigurationReference = 43B158293F50417EE447810E /* Pods-KizunaAiChanAlarm.release.xcconfig */;
			buildSettings = {
				ASSETCATALOG_COMPILER_APPICON_NAME = AppIcon;
				DEVELOPMENT_TEAM = 79N3F89EVZ;
				INFOPLIST_FILE = KizunaAiChanAlarm/Info.plist;
				LD_RUNPATH_SEARCH_PATHS = "$(inherited) @executable_path/Frameworks";
				PRODUCT_BUNDLE_IDENTIFIER = cps.ARTest;
				PRODUCT_NAME = "$(TARGET_NAME)";
				SWIFT_VERSION = 3.0;
			};
			name = Release;
		};
		C0F84F6C1F4F540F00524848 /* Debug */ = {
			isa = XCBuildConfiguration;
			buildSettings = {
				ALWAYS_EMBED_SWIFT_STANDARD_LIBRARIES = YES;
				BUNDLE_LOADER = "$(TEST_HOST)";
				DEVELOPMENT_TEAM = Z793E54W8T;
				INFOPLIST_FILE = KizunaAiChanAlarmTests/Info.plist;
				LD_RUNPATH_SEARCH_PATHS = "$(inherited) @executable_path/Frameworks @loader_path/Frameworks";
				PRODUCT_BUNDLE_IDENTIFIER = cps.KizunaAiChanAlarmTests;
				PRODUCT_NAME = "$(TARGET_NAME)";
				SWIFT_VERSION = 3.0;
				TEST_HOST = "$(BUILT_PRODUCTS_DIR)/KizunaAiChanAlarm.app/KizunaAiChanAlarm";
			};
			name = Debug;
		};
		C0F84F6D1F4F540F00524848 /* Release */ = {
			isa = XCBuildConfiguration;
			buildSettings = {
				ALWAYS_EMBED_SWIFT_STANDARD_LIBRARIES = YES;
				BUNDLE_LOADER = "$(TEST_HOST)";
				DEVELOPMENT_TEAM = Z793E54W8T;
				INFOPLIST_FILE = KizunaAiChanAlarmTests/Info.plist;
				LD_RUNPATH_SEARCH_PATHS = "$(inherited) @executable_path/Frameworks @loader_path/Frameworks";
				PRODUCT_BUNDLE_IDENTIFIER = cps.KizunaAiChanAlarmTests;
				PRODUCT_NAME = "$(TARGET_NAME)";
				SWIFT_VERSION = 3.0;
				TEST_HOST = "$(BUILT_PRODUCTS_DIR)/KizunaAiChanAlarm.app/KizunaAiChanAlarm";
			};
			name = Release;
		};
		C0F84F6F1F4F540F00524848 /* Debug */ = {
			isa = XCBuildConfiguration;
			buildSettings = {
				ALWAYS_EMBED_SWIFT_STANDARD_LIBRARIES = YES;
				DEVELOPMENT_TEAM = Z793E54W8T;
				INFOPLIST_FILE = KizunaAiChanAlarmUITests/Info.plist;
				LD_RUNPATH_SEARCH_PATHS = "$(inherited) @executable_path/Frameworks @loader_path/Frameworks";
				PRODUCT_BUNDLE_IDENTIFIER = cps.KizunaAiChanAlarmUITests;
				PRODUCT_NAME = "$(TARGET_NAME)";
				SWIFT_VERSION = 3.0;
				TEST_TARGET_NAME = KizunaAiChanAlarm;
			};
			name = Debug;
		};
		C0F84F701F4F540F00524848 /* Release */ = {
			isa = XCBuildConfiguration;
			buildSettings = {
				ALWAYS_EMBED_SWIFT_STANDARD_LIBRARIES = YES;
				DEVELOPMENT_TEAM = Z793E54W8T;
				INFOPLIST_FILE = KizunaAiChanAlarmUITests/Info.plist;
				LD_RUNPATH_SEARCH_PATHS = "$(inherited) @executable_path/Frameworks @loader_path/Frameworks";
				PRODUCT_BUNDLE_IDENTIFIER = cps.KizunaAiChanAlarmUITests;
				PRODUCT_NAME = "$(TARGET_NAME)";
				SWIFT_VERSION = 3.0;
				TEST_TARGET_NAME = KizunaAiChanAlarm;
			};
			name = Release;
		};
/* End XCBuildConfiguration section */

/* Begin XCConfigurationList section */
		C0F84F3B1F4F540F00524848 /* Build configuration list for PBXProject "KizunaAiChanAlarm" */ = {
			isa = XCConfigurationList;
			buildConfigurations = (
				C0F84F661F4F540F00524848 /* Debug */,
				C0F84F671F4F540F00524848 /* Release */,
			);
			defaultConfigurationIsVisible = 0;
			defaultConfigurationName = Release;
		};
		C0F84F681F4F540F00524848 /* Build configuration list for PBXNativeTarget "KizunaAiChanAlarm" */ = {
			isa = XCConfigurationList;
			buildConfigurations = (
				C0F84F691F4F540F00524848 /* Debug */,
				C0F84F6A1F4F540F00524848 /* Release */,
			);
			defaultConfigurationIsVisible = 0;
			defaultConfigurationName = Release;
		};
		C0F84F6B1F4F540F00524848 /* Build configuration list for PBXNativeTarget "KizunaAiChanAlarmTests" */ = {
			isa = XCConfigurationList;
			buildConfigurations = (
				C0F84F6C1F4F540F00524848 /* Debug */,
				C0F84F6D1F4F540F00524848 /* Release */,
			);
			defaultConfigurationIsVisible = 0;
			defaultConfigurationName = Release;
		};
		C0F84F6E1F4F540F00524848 /* Build configuration list for PBXNativeTarget "KizunaAiChanAlarmUITests" */ = {
			isa = XCConfigurationList;
			buildConfigurations = (
				C0F84F6F1F4F540F00524848 /* Debug */,
				C0F84F701F4F540F00524848 /* Release */,
			);
			defaultConfigurationIsVisible = 0;
			defaultConfigurationName = Release;
		};
/* End XCConfigurationList section */
	};
	rootObject = C0F84F381F4F540F00524848 /* Project object */;
}
